{
  "name": "@vestibule-link/iot-types",
  "version": "1.1.0",
  "lockfileVersion": 1,
  "requires": true,
  "dependencies": {
    "@vestibule-link/alexa-video-skill-types": {
      "version": "1.1.0",
      "resolved": "https://registry.npmjs.org/@vestibule-link/alexa-video-skill-types/-/alexa-video-skill-types-1.1.0.tgz",
      "integrity": "sha512-I6B/BuCw3XfuYr+LzrhI9HengaQTUrQBpOWcD6gG9xL+1nN0ln5eMiBFr6acOi8QJj/JjBaZXd3saS+MlAAzfQ=="
    },
    "typescript": {
      "version": "3.5.3",
      "resolved": "https://registry.npmjs.org/typescript/-/typescript-3.5.3.tgz",
      "integrity": "sha512-ACzBtm/PhXBDId6a6sDJfroT2pOWt/oOnk4/dElG5G33ZL776N3Y6/6bKZJBFpd+b05F3Ct9qDjMeJmRWtE2/g==",
      "dev": true
    }
  }
}
