{
  "name": "@vestibule-link/iot-types",
  "version": "2.0.2",
  "lockfileVersion": 1,
  "requires": true,
  "dependencies": {
    "@vestibule-link/alexa-video-skill-types": {
      "version": "1.1.4",
      "resolved": "https://registry.npmjs.org/@vestibule-link/alexa-video-skill-types/-/alexa-video-skill-types-1.1.4.tgz",
      "integrity": "sha512-5/ILpDvLk+ZON13ZL6cIwFUQ9ysH+LUbmc8TzBhRZEIHClHnaS7bxtEf8OwmxYL837ms6/AIVHZrkWCbFAJjXw=="
    },
    "typescript": {
      "version": "3.7.2",
      "resolved": "https://registry.npmjs.org/typescript/-/typescript-3.7.2.tgz",
      "integrity": "sha512-ml7V7JfiN2Xwvcer+XAf2csGO1bPBdRbFCkYBczNZggrBZ9c7G3riSUeJmqEU5uOtXNPMhE3n+R4FA/3YOAWOQ==",
      "dev": true
    }
  }
}
